{
  "originHash" : "61469611bf0e522119cc14a9c00616c1c92d353a0d8ef3efe76c1275c18e953b",
  "pins" : [
    {
      "identity" : "openai",
      "kind" : "remoteSourceControl",
      "location" : "https://github.com/MacPaw/OpenAI.git",
      "state" : {
        "revision" : "28884fcfb15946b119b6eb3498e5a900c1d8d595",
        "version" : "0.4.7"
      }
    },
    {
      "identity" : "swift-http-types",
      "kind" : "remoteSourceControl",
      "location" : "https://github.com/apple/swift-http-types",
      "state" : {
        "revision" : "45eb0224913ea070ec4fba17291b9e7ecf4749ca",
        "version" : "1.5.1"
      }
    },
    {
      "identity" : "swift-openapi-runtime",
      "kind" : "remoteSourceControl",
      "location" : "https://github.com/apple/swift-openapi-runtime",
      "state" : {
        "revision" : "7cdf33371bf89b23b9cf4fd3ce8d3c825c28fbe8",
        "version" : "1.9.0"
      }
    }
  ],
  "version" : 3
}
